
Microsoft Visual Studio Solution File, Format Version 12.00
Project("{FAE04EC0-301F-11D3-BF4B-00C04F79EFBC}") = "DeterminationWithRidEmptyTransitions", "DeterminationWithRidEmptyTransitions\DeterminationWithRidEmptyTransitions.csproj", "{4DFA6DAE-081C-4A8D-947D-CE6023830DA4}"
EndProject
Global
	GlobalSection(SolutionConfigurationPlatforms) = preSolution
		Debug|Any CPU = Debug|Any CPU
		Release|Any CPU = Release|Any CPU
	EndGlobalSection
	GlobalSection(ProjectConfigurationPlatforms) = postSolution
		{4DFA6DAE-081C-4A8D-947D-CE6023830DA4}.Debug|Any CPU.ActiveCfg = Debug|Any CPU
		{4DFA6DAE-081C-4A8D-947D-CE6023830DA4}.Debug|Any CPU.Build.0 = Debug|Any CPU
		{4DFA6DAE-081C-4A8D-947D-CE6023830DA4}.Release|Any CPU.ActiveCfg = Release|Any CPU
		{4DFA6DAE-081C-4A8D-947D-CE6023830DA4}.Release|Any CPU.Build.0 = Release|Any CPU
	EndGlobalSection
EndGlobal
