
Microsoft Visual Studio Solution File, Format Version 12.00
# Visual Studio Version 16
VisualStudioVersion = 16.0.31702.278
MinimumVisualStudioVersion = 10.0.40219.1
Project("{FAE04EC0-301F-11D3-BF4B-00C04F79EFBC}") = "Minimization", "Minimization\Minimization.csproj", "{7BC4669C-CE75-4E08-AFA9-4F28B19E5ACE}"
EndProject
Global
	GlobalSection(SolutionConfigurationPlatforms) = preSolution
		Debug|Any CPU = Debug|Any CPU
		Release|Any CPU = Release|Any CPU
	EndGlobalSection
	GlobalSection(ProjectConfigurationPlatforms) = postSolution
		{7BC4669C-CE75-4E08-AFA9-4F28B19E5ACE}.Debug|Any CPU.ActiveCfg = Debug|Any CPU
		{7BC4669C-CE75-4E08-AFA9-4F28B19E5ACE}.Debug|Any CPU.Build.0 = Debug|Any CPU
		{7BC4669C-CE75-4E08-AFA9-4F28B19E5ACE}.Release|Any CPU.ActiveCfg = Release|Any CPU
		{7BC4669C-CE75-4E08-AFA9-4F28B19E5ACE}.Release|Any CPU.Build.0 = Release|Any CPU
	EndGlobalSection
	GlobalSection(SolutionProperties) = preSolution
		HideSolutionNode = FALSE
	EndGlobalSection
	GlobalSection(ExtensibilityGlobals) = postSolution
		SolutionGuid = {B6CA08DA-A3E7-4F7A-BF88-28FD7F6939BD}
	EndGlobalSection
EndGlobal
